
Microsoft Visual Studio Solution File, Format Version 12.00
# Visual Studio 15
VisualStudioVersion = 15.0.28010.2016
MinimumVisualStudioVersion = 10.0.40219.1
Project("{FAE04EC0-301F-11D3-BF4B-00C04F79EFBC}") = "BookStore.IdentityServer", "BookStore.IdentityServer\BookStore.IdentityServer.csproj", "{8707D251-86C1-4F01-B04F-AAF53059E3D7}"
EndProject
Project("{FAE04EC0-301F-11D3-BF4B-00C04F79EFBC}") = "BookStore.Web", "BookStore.Web\BookStore.Web.csproj", "{74D5820A-127F-44C8-B808-FF20C2A29296}"
EndProject
Project("{FAE04EC0-301F-11D3-BF4B-00C04F79EFBC}") = "BookStore.API", "BookStore.API\BookStore.API.csproj", "{EC1130B8-9F3F-4B64-B30B-D7711F5ECDAA}"
EndProject
Global
	GlobalSection(SolutionConfigurationPlatforms) = preSolution
		Debug|Any CPU = Debug|Any CPU
		Release|Any CPU = Release|Any CPU
	EndGlobalSection
	GlobalSection(ProjectConfigurationPlatforms) = postSolution
		{8707D251-86C1-4F01-B04F-AAF53059E3D7}.Debug|Any CPU.ActiveCfg = Debug|Any CPU
		{8707D251-86C1-4F01-B04F-AAF53059E3D7}.Debug|Any CPU.Build.0 = Debug|Any CPU
		{8707D251-86C1-4F01-B04F-AAF53059E3D7}.Release|Any CPU.ActiveCfg = Release|Any CPU
		{8707D251-86C1-4F01-B04F-AAF53059E3D7}.Release|Any CPU.Build.0 = Release|Any CPU
		{74D5820A-127F-44C8-B808-FF20C2A29296}.Debug|Any CPU.ActiveCfg = Debug|Any CPU
		{74D5820A-127F-44C8-B808-FF20C2A29296}.Debug|Any CPU.Build.0 = Debug|Any CPU
		{74D5820A-127F-44C8-B808-FF20C2A29296}.Release|Any CPU.ActiveCfg = Release|Any CPU
		{74D5820A-127F-44C8-B808-FF20C2A29296}.Release|Any CPU.Build.0 = Release|Any CPU
		{EC1130B8-9F3F-4B64-B30B-D7711F5ECDAA}.Debug|Any CPU.ActiveCfg = Debug|Any CPU
		{EC1130B8-9F3F-4B64-B30B-D7711F5ECDAA}.Debug|Any CPU.Build.0 = Debug|Any CPU
		{EC1130B8-9F3F-4B64-B30B-D7711F5ECDAA}.Release|Any CPU.ActiveCfg = Release|Any CPU
		{EC1130B8-9F3F-4B64-B30B-D7711F5ECDAA}.Release|Any CPU.Build.0 = Release|Any CPU
	EndGlobalSection
	GlobalSection(SolutionProperties) = preSolution
		HideSolutionNode = FALSE
	EndGlobalSection
	GlobalSection(ExtensibilityGlobals) = postSolution
		SolutionGuid = {C7D30519-BA33-4185-AA5B-2FFE2B30603C}
	EndGlobalSection
EndGlobal
